// !$*UTF8*$!
{
	archiveVersion = 1;
	classes = {
	};
	objectVersion = 46;
	objects = {

/* Begin PBXBuildFile section */
		4C968B021C3FF0A8000C5474 /* AppDelegate.swift in Sources */ = {isa = PBXBuildFile; fileRef = 4C968B011C3FF0A8000C5474 /* AppDelegate.swift */; };
		4C968B071C3FF0A8000C5474 /* Main.storyboard in Resources */ = {isa = PBXBuildFile; fileRef = 4C968B051C3FF0A8000C5474 /* Main.storyboard */; };
		4C968B0A1C3FF0A8000C5474 /* AudioStream.xcdatamodeld in Sources */ = {isa = PBXBuildFile; fileRef = 4C968B081C3FF0A8000C5474 /* AudioStream.xcdatamodeld */; };
		4C968B0C1C3FF0A8000C5474 /* Assets.xcassets in Resources */ = {isa = PBXBuildFile; fileRef = 4C968B0B1C3FF0A8000C5474 /* Assets.xcassets */; };
		4C968B1A1C3FF0A9000C5474 /* AudioStreamTests.swift in Sources */ = {isa = PBXBuildFile; fileRef = 4C968B191C3FF0A9000C5474 /* AudioStreamTests.swift */; };
		4C968B251C3FF0A9000C5474 /* AudioStreamUITests.swift in Sources */ = {isa = PBXBuildFile; fileRef = 4C968B241C3FF0A9000C5474 /* AudioStreamUITests.swift */; };
		4CAE48201C444A2D0041F4FD /* StationListController.swift in Sources */ = {isa = PBXBuildFile; fileRef = 4CAE481F1C444A2D0041F4FD /* StationListController.swift */; };
		4CAE48221C444AF70041F4FD /* StationDetailController.swift in Sources */ = {isa = PBXBuildFile; fileRef = 4CAE48211C444AF70041F4FD /* StationDetailController.swift */; };
		4CB683961C3FF294006E19B4 /* Launch Screen.storyboard in Resources */ = {isa = PBXBuildFile; fileRef = 4CB683941C3FF294006E19B4 /* Launch Screen.storyboard */; };
		4CB6839C1C3FF391006E19B4 /* AudioPart.c in Sources */ = {isa = PBXBuildFile; fileRef = 4CB683981C3FF391006E19B4 /* AudioPart.c */; };
		4CB6839D1C3FF391006E19B4 /* AudioStreamEngine.m in Sources */ = {isa = PBXBuildFile; fileRef = 4CB6839B1C3FF391006E19B4 /* AudioStreamEngine.m */; };
		BFD663B71D14336700D268A2 /* Fabric.framework in Frameworks */ = {isa = PBXBuildFile; fileRef = BFD663B51D14336700D268A2 /* Fabric.framework */; };
		BFD663B81D14336700D268A2 /* Crashlytics.framework in Frameworks */ = {isa = PBXBuildFile; fileRef = BFD663B61D14336700D268A2 /* Crashlytics.framework */; };
/* End PBXBuildFile section */

/* Begin PBXContainerItemProxy section */
		4C968B161C3FF0A9000C5474 /* PBXContainerItemProxy */ = {
			isa = PBXContainerItemProxy;
			containerPortal = 4C968AF61C3FF0A8000C5474 /* Project object */;
			proxyType = 1;
			remoteGlobalIDString = 4C968AFD1C3FF0A8000C5474;
			remoteInfo = AudioStream;
		};
		4C968B211C3FF0A9000C5474 /* PBXContainerItemProxy */ = {
			isa = PBXContainerItemProxy;
			containerPortal = 4C968AF61C3FF0A8000C5474 /* Project object */;
			proxyType = 1;
			remoteGlobalIDString = 4C968AFD1C3FF0A8000C5474;
			remoteInfo = AudioStream;
		};
/* End PBXContainerItemProxy section */

/* Begin PBXFileReference section */
		4C968AFE1C3FF0A8000C5474 /* AudioStream.app */ = {isa = PBXFileReference; explicitFileType = wrapper.application; includeInIndex = 0; path = AudioStream.app; sourceTree = BUILT_PRODUCTS_DIR; };
		4C968B011C3FF0A8000C5474 /* AppDelegate.swift */ = {isa = PBXFileReference; lastKnownFileType = sourcecode.swift; path = AppDelegate.swift; sourceTree = "<group>"; };
		4C968B061C3FF0A8000C5474 /* Base */ = {isa = PBXFileReference; lastKnownFileType = file.storyboard; name = Base; path = Base.lproj/Main.storyboard; sourceTree = "<group>"; };
		4C968B091C3FF0A8000C5474 /* AudioStream.xcdatamodel */ = {isa = PBXFileReference; lastKnownFileType = wrapper.xcdatamodel; path = AudioStream.xcdatamodel; sourceTree = "<group>"; };
		4C968B0B1C3FF0A8000C5474 /* Assets.xcassets */ = {isa = PBXFileReference; lastKnownFileType = folder.assetcatalog; path = Assets.xcassets; sourceTree = "<group>"; };
		4C968B101C3FF0A8000C5474 /* Info.plist */ = {isa = PBXFileReference; lastKnownFileType = text.plist.xml; path = Info.plist; sourceTree = "<group>"; };
		4C968B151C3FF0A9000C5474 /* AudioStreamTests.xctest */ = {isa = PBXFileReference; explicitFileType = wrapper.cfbundle; includeInIndex = 0; path = AudioStreamTests.xctest; sourceTree = BUILT_PRODUCTS_DIR; };
		4C968B191C3FF0A9000C5474 /* AudioStreamTests.swift */ = {isa = PBXFileReference; lastKnownFileType = sourcecode.swift; path = AudioStreamTests.swift; sourceTree = "<group>"; };
		4C968B1B1C3FF0A9000C5474 /* Info.plist */ = {isa = PBXFileReference; lastKnownFileType = text.plist.xml; path = Info.plist; sourceTree = "<group>"; };
		4C968B201C3FF0A9000C5474 /* AudioStreamUITests.xctest */ = {isa = PBXFileReference; explicitFileType = wrapper.cfbundle; includeInIndex = 0; path = AudioStreamUITests.xctest; sourceTree = BUILT_PRODUCTS_DIR; };
		4C968B241C3FF0A9000C5474 /* AudioStreamUITests.swift */ = {isa = PBXFileReference; lastKnownFileType = sourcecode.swift; path = AudioStreamUITests.swift; sourceTree = "<group>"; };
		4C968B261C3FF0A9000C5474 /* Info.plist */ = {isa = PBXFileReference; lastKnownFileType = text.plist.xml; path = Info.plist; sourceTree = "<group>"; };
		4CAE481F1C444A2D0041F4FD /* StationListController.swift */ = {isa = PBXFileReference; fileEncoding = 4; lastKnownFileType = sourcecode.swift; path = StationListController.swift; sourceTree = "<group>"; };
		4CAE48211C444AF70041F4FD /* StationDetailController.swift */ = {isa = PBXFileReference; fileEncoding = 4; lastKnownFileType = sourcecode.swift; path = StationDetailController.swift; sourceTree = "<group>"; };
		4CB683951C3FF294006E19B4 /* Base */ = {isa = PBXFileReference; lastKnownFileType = file.storyboard; name = Base; path = "Base.lproj/Launch Screen.storyboard"; sourceTree = "<group>"; };
		4CB683981C3FF391006E19B4 /* AudioPart.c */ = {isa = PBXFileReference; fileEncoding = 4; lastKnownFileType = sourcecode.c.c; path = AudioPart.c; sourceTree = "<group>"; };
		4CB683991C3FF391006E19B4 /* AudioPart.h */ = {isa = PBXFileReference; fileEncoding = 4; lastKnownFileType = sourcecode.c.h; path = AudioPart.h; sourceTree = "<group>"; };
		4CB6839A1C3FF391006E19B4 /* AudioStreamEngine.h */ = {isa = PBXFileReference; fileEncoding = 4; lastKnownFileType = sourcecode.c.h; path = AudioStreamEngine.h; sourceTree = "<group>"; };
		4CB6839B1C3FF391006E19B4 /* AudioStreamEngine.m */ = {isa = PBXFileReference; fileEncoding = 4; lastKnownFileType = sourcecode.c.objc; path = AudioStreamEngine.m; sourceTree = "<group>"; };
		4CB6839E1C3FF40A006E19B4 /* AudioStream-Bridging-Header.h */ = {isa = PBXFileReference; lastKnownFileType = sourcecode.c.h; path = "AudioStream-Bridging-Header.h"; sourceTree = "<group>"; };
		4CB683E31C3FF5BD006E19B4 /* arrow_left.png */ = {isa = PBXFileReference; lastKnownFileType = image.png; path = arrow_left.png; sourceTree = "<group>"; };
		4CB683E41C3FF5BD006E19B4 /* ASAppDelegate.h */ = {isa = PBXFileReference; lastKnownFileType = sourcecode.c.h; path = ASAppDelegate.h; sourceTree = "<group>"; };
		4CB683E51C3FF5BD006E19B4 /* ASAppDelegate.m */ = {isa = PBXFileReference; lastKnownFileType = sourcecode.c.objc; path = ASAppDelegate.m; sourceTree = "<group>"; };
		4CB683E61C3FF5BD006E19B4 /* ASDataModel.h */ = {isa = PBXFileReference; lastKnownFileType = sourcecode.c.h; path = ASDataModel.h; sourceTree = "<group>"; };
		4CB683E71C3FF5BD006E19B4 /* ASDataModel.m */ = {isa = PBXFileReference; lastKnownFileType = sourcecode.c.objc; path = ASDataModel.m; sourceTree = "<group>"; };
		4CB683E81C3FF5BD006E19B4 /* ASDetailViewController.h */ = {isa = PBXFileReference; lastKnownFileType = sourcecode.c.h; path = ASDetailViewController.h; sourceTree = "<group>"; };
		4CB683E91C3FF5BD006E19B4 /* ASDetailViewController.m */ = {isa = PBXFileReference; lastKnownFileType = sourcecode.c.objc; path = ASDetailViewController.m; sourceTree = "<group>"; };
		4CB683EA1C3FF5BD006E19B4 /* ASEditViewController.h */ = {isa = PBXFileReference; lastKnownFileType = sourcecode.c.h; path = ASEditViewController.h; sourceTree = "<group>"; };
		4CB683EB1C3FF5BD006E19B4 /* ASEditViewController.m */ = {isa = PBXFileReference; lastKnownFileType = sourcecode.c.objc; path = ASEditViewController.m; sourceTree = "<group>"; };
		4CB683EC1C3FF5BD006E19B4 /* ASEditViewController.xib */ = {isa = PBXFileReference; lastKnownFileType = file.xib; path = ASEditViewController.xib; sourceTree = "<group>"; };
		4CB683ED1C3FF5BD006E19B4 /* ASMasterViewController.h */ = {isa = PBXFileReference; lastKnownFileType = sourcecode.c.h; path = ASMasterViewController.h; sourceTree = "<group>"; };
		4CB683EE1C3FF5BD006E19B4 /* ASMasterViewController.m */ = {isa = PBXFileReference; lastKnownFileType = sourcecode.c.objc; path = ASMasterViewController.m; sourceTree = "<group>"; };
		4CB683EF1C3FF5BD006E19B4 /* AudioStream-Info.plist */ = {isa = PBXFileReference; lastKnownFileType = text.plist.xml; path = "AudioStream-Info.plist"; sourceTree = "<group>"; };
		4CB683F01C3FF5BD006E19B4 /* AudioStream-Prefix.pch */ = {isa = PBXFileReference; lastKnownFileType = sourcecode.c.h; path = "AudioStream-Prefix.pch"; sourceTree = "<group>"; };
		4CB683F11C3FF5BD006E19B4 /* AudioStreamList.plist */ = {isa = PBXFileReference; lastKnownFileType = text.plist.xml; path = AudioStreamList.plist; sourceTree = "<group>"; };
		4CB683F31C3FF5BD006E19B4 /* en */ = {isa = PBXFileReference; lastKnownFileType = file.xib; name = en; path = en.lproj/ASCustomTableViewCell.xib; sourceTree = "<group>"; };
		4CB683F51C3FF5BD006E19B4 /* en */ = {isa = PBXFileReference; lastKnownFileType = file.xib; name = en; path = en.lproj/ASDetailViewController_iPhone.xib; sourceTree = "<group>"; };
		4CB683F71C3FF5BD006E19B4 /* en */ = {isa = PBXFileReference; lastKnownFileType = file.xib; name = en; path = en.lproj/ASMasterViewController_iPhone.xib; sourceTree = "<group>"; };
		4CB683F91C3FF5BD006E19B4 /* en */ = {isa = PBXFileReference; lastKnownFileType = text.plist.strings; name = en; path = en.lproj/InfoPlist.strings; sourceTree = "<group>"; };
		4CB683FA1C3FF5BD006E19B4 /* Icon Copyright */ = {isa = PBXFileReference; lastKnownFileType = text; path = "Icon Copyright"; sourceTree = "<group>"; };
		4CB683FB1C3FF5BD006E19B4 /* Icon-72.png */ = {isa = PBXFileReference; lastKnownFileType = image.png; path = "Icon-72.png"; sourceTree = "<group>"; };
		4CB683FC1C3FF5BD006E19B4 /* Icon-72@2x.png */ = {isa = PBXFileReference; lastKnownFileType = image.png; path = "Icon-72@2x.png"; sourceTree = "<group>"; };
		4CB683FD1C3FF5BD006E19B4 /* Icon.png */ = {isa = PBXFileReference; lastKnownFileType = image.png; path = Icon.png; sourceTree = "<group>"; };
		4CB683FE1C3FF5BD006E19B4 /* Icon@2x.png */ = {isa = PBXFileReference; lastKnownFileType = image.png; path = "Icon@2x.png"; sourceTree = "<group>"; };
		4CB683FF1C3FF5BD006E19B4 /* iTunesArtwork */ = {isa = PBXFileReference; lastKnownFileType = file; path = iTunesArtwork; sourceTree = "<group>"; };
		4CB684001C3FF5BD006E19B4 /* iTunesArtwork@2x */ = {isa = PBXFileReference; lastKnownFileType = file; path = "iTunesArtwork@2x"; sourceTree = "<group>"; };
		4CB684011C3FF5BD006E19B4 /* Launch Screen.storyboard */ = {isa = PBXFileReference; lastKnownFileType = file.storyboard; path = "Launch Screen.storyboard"; sourceTree = "<group>"; };
		4CB684021C3FF5BD006E19B4 /* main.m */ = {isa = PBXFileReference; lastKnownFileType = sourcecode.c.objc; path = main.m; sourceTree = "<group>"; };
		4CB684031C3FF5BD006E19B4 /* StationList */ = {isa = PBXFileReference; lastKnownFileType = text; path = StationList; sourceTree = "<group>"; };
		4CB684071C3FF5BD006E19B4 /* README.md */ = {isa = PBXFileReference; lastKnownFileType = net.daringfireball.markdown; path = README.md; sourceTree = "<group>"; };
		BFD663B51D14336700D268A2 /* Fabric.framework */ = {isa = PBXFileReference; lastKnownFileType = wrapper.framework; path = Fabric.framework; sourceTree = "<group>"; };
		BFD663B61D14336700D268A2 /* Crashlytics.framework */ = {isa = PBXFileReference; lastKnownFileType = wrapper.framework; path = Crashlytics.framework; sourceTree = "<group>"; };
/* End PBXFileReference section */

/* Begin PBXFrameworksBuildPhase section */
		4C968AFB1C3FF0A8000C5474 /* Frameworks */ = {
			isa = PBXFrameworksBuildPhase;
			buildActionMask = 2147483647;
			files = (
				BFD663B81D14336700D268A2 /* Crashlytics.framework in Frameworks */,
				BFD663B71D14336700D268A2 /* Fabric.framework in Frameworks */,
			);
			runOnlyForDeploymentPostprocessing = 0;
		};
		4C968B121C3FF0A9000C5474 /* Frameworks */ = {
			isa = PBXFrameworksBuildPhase;
			buildActionMask = 2147483647;
			files = (
			);
			runOnlyForDeploymentPostprocessing = 0;
		};
		4C968B1D1C3FF0A9000C5474 /* Frameworks */ = {
			isa = PBXFrameworksBuildPhase;
			buildActionMask = 2147483647;
			files = (
			);
			runOnlyForDeploymentPostprocessing = 0;
		};
/* End PBXFrameworksBuildPhase section */

/* Begin PBXGroup section */
		4C968AF51C3FF0A8000C5474 = {
			isa = PBXGroup;
			children = (
				BFD663B51D14336700D268A2 /* Fabric.framework */,
				BFD663B61D14336700D268A2 /* Crashlytics.framework */,
				4C968B001C3FF0A8000C5474 /* AudioStream */,
				4CB683971C3FF391006E19B4 /* AudioStreamEngine */,
				4CB683E11C3FF5BD006E19B4 /* old_audiostream */,
				4C968B181C3FF0A9000C5474 /* AudioStreamTests */,
				4C968B231C3FF0A9000C5474 /* AudioStreamUITests */,
				4C968AFF1C3FF0A8000C5474 /* Products */,
			);
			sourceTree = "<group>";
		};
		4C968AFF1C3FF0A8000C5474 /* Products */ = {
			isa = PBXGroup;
			children = (
				4C968AFE1C3FF0A8000C5474 /* AudioStream.app */,
				4C968B151C3FF0A9000C5474 /* AudioStreamTests.xctest */,
				4C968B201C3FF0A9000C5474 /* AudioStreamUITests.xctest */,
			);
			name = Products;
			sourceTree = "<group>";
		};
		4C968B001C3FF0A8000C5474 /* AudioStream */ = {
			isa = PBXGroup;
			children = (
				4C968B011C3FF0A8000C5474 /* AppDelegate.swift */,
				4CAE48251C444CA10041F4FD /* Storyboards */,
				4CAE48231C444C4D0041F4FD /* View Controllers */,
				4CAE48271C444CD40041F4FD /* Model */,
				4CAE48261C444CC90041F4FD /* Resources */,
				4CAE48241C444C600041F4FD /* Supporting Files */,
			);
			path = AudioStream;
			sourceTree = "<group>";
		};
		4C968B181C3FF0A9000C5474 /* AudioStreamTests */ = {
			isa = PBXGroup;
			children = (
				4C968B191C3FF0A9000C5474 /* AudioStreamTests.swift */,
				4C968B1B1C3FF0A9000C5474 /* Info.plist */,
			);
			path = AudioStreamTests;
			sourceTree = "<group>";
		};
		4C968B231C3FF0A9000C5474 /* AudioStreamUITests */ = {
			isa = PBXGroup;
			children = (
				4C968B241C3FF0A9000C5474 /* AudioStreamUITests.swift */,
				4C968B261C3FF0A9000C5474 /* Info.plist */,
			);
			path = AudioStreamUITests;
			sourceTree = "<group>";
		};
		4CAE48231C444C4D0041F4FD /* View Controllers */ = {
			isa = PBXGroup;
			children = (
				4CAE481F1C444A2D0041F4FD /* StationListController.swift */,
				4CAE48211C444AF70041F4FD /* StationDetailController.swift */,
			);
			name = "View Controllers";
			sourceTree = "<group>";
		};
		4CAE48241C444C600041F4FD /* Supporting Files */ = {
			isa = PBXGroup;
			children = (
				4CB6839E1C3FF40A006E19B4 /* AudioStream-Bridging-Header.h */,
				4C968B101C3FF0A8000C5474 /* Info.plist */,
			);
			name = "Supporting Files";
			sourceTree = "<group>";
		};
		4CAE48251C444CA10041F4FD /* Storyboards */ = {
			isa = PBXGroup;
			children = (
				4C968B051C3FF0A8000C5474 /* Main.storyboard */,
				4CB683941C3FF294006E19B4 /* Launch Screen.storyboard */,
			);
			name = Storyboards;
			sourceTree = "<group>";
		};
		4CAE48261C444CC90041F4FD /* Resources */ = {
			isa = PBXGroup;
			children = (
				4C968B0B1C3FF0A8000C5474 /* Assets.xcassets */,
			);
			name = Resources;
			sourceTree = "<group>";
		};
		4CAE48271C444CD40041F4FD /* Model */ = {
			isa = PBXGroup;
			children = (
				4C968B081C3FF0A8000C5474 /* AudioStream.xcdatamodeld */,
			);
			name = Model;
			sourceTree = "<group>";
		};
		4CB683971C3FF391006E19B4 /* AudioStreamEngine */ = {
			isa = PBXGroup;
			children = (
				4CB683981C3FF391006E19B4 /* AudioPart.c */,
				4CB683991C3FF391006E19B4 /* AudioPart.h */,
				4CB6839A1C3FF391006E19B4 /* AudioStreamEngine.h */,
				4CB6839B1C3FF391006E19B4 /* AudioStreamEngine.m */,
			);
			name = AudioStreamEngine;
			path = ../AudioStreamEngine;
			sourceTree = "<group>";
		};
		4CB683E11C3FF5BD006E19B4 /* old_audiostream */ = {
			isa = PBXGroup;
			children = (
				4CB683E21C3FF5BD006E19B4 /* AudioStream */,
				4CB684071C3FF5BD006E19B4 /* README.md */,
			);
			path = old_audiostream;
			sourceTree = "<group>";
		};
		4CB683E21C3FF5BD006E19B4 /* AudioStream */ = {
			isa = PBXGroup;
			children = (
				4CB683E31C3FF5BD006E19B4 /* arrow_left.png */,
				4CB683E41C3FF5BD006E19B4 /* ASAppDelegate.h */,
				4CB683E51C3FF5BD006E19B4 /* ASAppDelegate.m */,
				4CB683E61C3FF5BD006E19B4 /* ASDataModel.h */,
				4CB683E71C3FF5BD006E19B4 /* ASDataModel.m */,
				4CB683E81C3FF5BD006E19B4 /* ASDetailViewController.h */,
				4CB683E91C3FF5BD006E19B4 /* ASDetailViewController.m */,
				4CB683EA1C3FF5BD006E19B4 /* ASEditViewController.h */,
				4CB683EB1C3FF5BD006E19B4 /* ASEditViewController.m */,
				4CB683EC1C3FF5BD006E19B4 /* ASEditViewController.xib */,
				4CB683ED1C3FF5BD006E19B4 /* ASMasterViewController.h */,
				4CB683EE1C3FF5BD006E19B4 /* ASMasterViewController.m */,
				4CB683EF1C3FF5BD006E19B4 /* AudioStream-Info.plist */,
				4CB683F01C3FF5BD006E19B4 /* AudioStream-Prefix.pch */,
				4CB683F11C3FF5BD006E19B4 /* AudioStreamList.plist */,
				4CB683F21C3FF5BD006E19B4 /* ASCustomTableViewCell.xib */,
				4CB683F41C3FF5BD006E19B4 /* ASDetailViewController_iPhone.xib */,
				4CB683F61C3FF5BD006E19B4 /* ASMasterViewController_iPhone.xib */,
				4CB683F81C3FF5BD006E19B4 /* InfoPlist.strings */,
				4CB683FA1C3FF5BD006E19B4 /* Icon Copyright */,
				4CB683FB1C3FF5BD006E19B4 /* Icon-72.png */,
				4CB683FC1C3FF5BD006E19B4 /* Icon-72@2x.png */,
				4CB683FD1C3FF5BD006E19B4 /* Icon.png */,
				4CB683FE1C3FF5BD006E19B4 /* Icon@2x.png */,
				4CB683FF1C3FF5BD006E19B4 /* iTunesArtwork */,
				4CB684001C3FF5BD006E19B4 /* iTunesArtwork@2x */,
				4CB684011C3FF5BD006E19B4 /* Launch Screen.storyboard */,
				4CB684021C3FF5BD006E19B4 /* main.m */,
				4CB684031C3FF5BD006E19B4 /* StationList */,
			);
			path = AudioStream;
			sourceTree = "<group>";
		};
/* End PBXGroup section */

/* Begin PBXNativeTarget section */
		4C968AFD1C3FF0A8000C5474 /* AudioStream */ = {
			isa = PBXNativeTarget;
			buildConfigurationList = 4C968B291C3FF0A9000C5474 /* Build configuration list for PBXNativeTarget "AudioStream" */;
			buildPhases = (
				4C968AFA1C3FF0A8000C5474 /* Sources */,
				4C968AFB1C3FF0A8000C5474 /* Frameworks */,
				4C968AFC1C3FF0A8000C5474 /* Resources */,
				BF3ACCE51D143293003305F8 /* ShellScript */,
			);
			buildRules = (
			);
			dependencies = (
			);
			name = AudioStream;
			productName = AudioStream;
			productReference = 4C968AFE1C3FF0A8000C5474 /* AudioStream.app */;
			productType = "com.apple.product-type.application";
		};
		4C968B141C3FF0A9000C5474 /* AudioStreamTests */ = {
			isa = PBXNativeTarget;
			buildConfigurationList = 4C968B2C1C3FF0A9000C5474 /* Build configuration list for PBXNativeTarget "AudioStreamTests" */;
			buildPhases = (
				4C968B111C3FF0A9000C5474 /* Sources */,
				4C968B121C3FF0A9000C5474 /* Frameworks */,
				4C968B131C3FF0A9000C5474 /* Resources */,
			);
			buildRules = (
			);
			dependencies = (
				4C968B171C3FF0A9000C5474 /* PBXTargetDependency */,
			);
			name = AudioStreamTests;
			productName = AudioStreamTests;
			productReference = 4C968B151C3FF0A9000C5474 /* AudioStreamTests.xctest */;
			productType = "com.apple.product-type.bundle.unit-test";
		};
		4C968B1F1C3FF0A9000C5474 /* AudioStreamUITests */ = {
			isa = PBXNativeTarget;
			buildConfigurationList = 4C968B2F1C3FF0A9000C5474 /* Build configuration list for PBXNativeTarget "AudioStreamUITests" */;
			buildPhases = (
				4C968B1C1C3FF0A9000C5474 /* Sources */,
				4C968B1D1C3FF0A9000C5474 /* Frameworks */,
				4C968B1E1C3FF0A9000C5474 /* Resources */,
			);
			buildRules = (
			);
			dependencies = (
				4C968B221C3FF0A9000C5474 /* PBXTargetDependency */,
			);
			name = AudioStreamUITests;
			productName = AudioStreamUITests;
			productReference = 4C968B201C3FF0A9000C5474 /* AudioStreamUITests.xctest */;
			productType = "com.apple.product-type.bundle.ui-testing";
		};
/* End PBXNativeTarget section */

/* Begin PBXProject section */
		4C968AF61C3FF0A8000C5474 /* Project object */ = {
			isa = PBXProject;
			attributes = {
				LastSwiftUpdateCheck = 0720;
				LastUpgradeCheck = 0820;
				ORGANIZATIONNAME = "Michael Kolesov";
				TargetAttributes = {
					4C968AFD1C3FF0A8000C5474 = {
						CreatedOnToolsVersion = 7.2;
						DevelopmentTeam = MEMFPKSRYU;
						LastSwiftMigration = 0820;
					};
					4C968B141C3FF0A9000C5474 = {
						CreatedOnToolsVersion = 7.2;
						LastSwiftMigration = 0820;
						TestTargetID = 4C968AFD1C3FF0A8000C5474;
					};
					4C968B1F1C3FF0A9000C5474 = {
						CreatedOnToolsVersion = 7.2;
						LastSwiftMigration = 0820;
						TestTargetID = 4C968AFD1C3FF0A8000C5474;
					};
				};
			};
			buildConfigurationList = 4C968AF91C3FF0A8000C5474 /* Build configuration list for PBXProject "AudioStream" */;
			compatibilityVersion = "Xcode 3.2";
			developmentRegion = English;
			hasScannedForEncodings = 0;
			knownRegions = (
				en,
				Base,
			);
			mainGroup = 4C968AF51C3FF0A8000C5474;
			productRefGroup = 4C968AFF1C3FF0A8000C5474 /* Products */;
			projectDirPath = "";
			projectRoot = "";
			targets = (
				4C968AFD1C3FF0A8000C5474 /* AudioStream */,
				4C968B141C3FF0A9000C5474 /* AudioStreamTests */,
				4C968B1F1C3FF0A9000C5474 /* AudioStreamUITests */,
			);
		};
/* End PBXProject section */

/* Begin PBXResourcesBuildPhase section */
		4C968AFC1C3FF0A8000C5474 /* Resources */ = {
			isa = PBXResourcesBuildPhase;
			buildActionMask = 2147483647;
			files = (
				4C968B0C1C3FF0A8000C5474 /* Assets.xcassets in Resources */,
				4CB683961C3FF294006E19B4 /* Launch Screen.storyboard in Resources */,
				4C968B071C3FF0A8000C5474 /* Main.storyboard in Resources */,
			);
			runOnlyForDeploymentPostprocessing = 0;
		};
		4C968B131C3FF0A9000C5474 /* Resources */ = {
			isa = PBXResourcesBuildPhase;
			buildActionMask = 2147483647;
			files = (
			);
			runOnlyForDeploymentPostprocessing = 0;
		};
		4C968B1E1C3FF0A9000C5474 /* Resources */ = {
			isa = PBXResourcesBuildPhase;
			buildActionMask = 2147483647;
			files = (
			);
			runOnlyForDeploymentPostprocessing = 0;
		};
/* End PBXResourcesBuildPhase section */

/* Begin PBXShellScriptBuildPhase section */
		BF3ACCE51D143293003305F8 /* ShellScript */ = {
			isa = PBXShellScriptBuildPhase;
			buildActionMask = 2147483647;
			files = (
			);
			inputPaths = (
			);
			outputPaths = (
			);
			runOnlyForDeploymentPostprocessing = 0;
			shellPath = /bin/sh;
			shellScript = "./Fabric.framework/run a81c231aac76b73827712d76b1860e8f4f5cf6f3 36ccf4abac50123b733ff15a19a6d61229ec7266b87fb02ea1c939de7a52e061";
		};
/* End PBXShellScriptBuildPhase section */

/* Begin PBXSourcesBuildPhase section */
		4C968AFA1C3FF0A8000C5474 /* Sources */ = {
			isa = PBXSourcesBuildPhase;
			buildActionMask = 2147483647;
			files = (
				4CAE48201C444A2D0041F4FD /* StationListController.swift in Sources */,
				4CAE48221C444AF70041F4FD /* StationDetailController.swift in Sources */,
				4CB6839C1C3FF391006E19B4 /* AudioPart.c in Sources */,
				4C968B021C3FF0A8000C5474 /* AppDelegate.swift in Sources */,
				4C968B0A1C3FF0A8000C5474 /* AudioStream.xcdatamodeld in Sources */,
				4CB6839D1C3FF391006E19B4 /* AudioStreamEngine.m in Sources */,
			);
			runOnlyForDeploymentPostprocessing = 0;
		};
		4C968B111C3FF0A9000C5474 /* Sources */ = {
			isa = PBXSourcesBuildPhase;
			buildActionMask = 2147483647;
			files = (
				4C968B1A1C3FF0A9000C5474 /* AudioStreamTests.swift in Sources */,
			);
			runOnlyForDeploymentPostprocessing = 0;
		};
		4C968B1C1C3FF0A9000C5474 /* Sources */ = {
			isa = PBXSourcesBuildPhase;
			buildActionMask = 2147483647;
			files = (
				4C968B251C3FF0A9000C5474 /* AudioStreamUITests.swift in Sources */,
			);
			runOnlyForDeploymentPostprocessing = 0;
		};
/* End PBXSourcesBuildPhase section */

/* Begin PBXTargetDependency section */
		4C968B171C3FF0A9000C5474 /* PBXTargetDependency */ = {
			isa = PBXTargetDependency;
			target = 4C968AFD1C3FF0A8000C5474 /* AudioStream */;
			targetProxy = 4C968B161C3FF0A9000C5474 /* PBXContainerItemProxy */;
		};
		4C968B221C3FF0A9000C5474 /* PBXTargetDependency */ = {
			isa = PBXTargetDependency;
			target = 4C968AFD1C3FF0A8000C5474 /* AudioStream */;
			targetProxy = 4C968B211C3FF0A9000C5474 /* PBXContainerItemProxy */;
		};
/* End PBXTargetDependency section */

/* Begin PBXVariantGroup section */
		4C968B051C3FF0A8000C5474 /* Main.storyboard */ = {
			isa = PBXVariantGroup;
			children = (
				4C968B061C3FF0A8000C5474 /* Base */,
			);
			name = Main.storyboard;
			sourceTree = "<group>";
		};
		4CB683941C3FF294006E19B4 /* Launch Screen.storyboard */ = {
			isa = PBXVariantGroup;
			children = (
				4CB683951C3FF294006E19B4 /* Base */,
			);
			name = "Launch Screen.storyboard";
			sourceTree = "<group>";
		};
		4CB683F21C3FF5BD006E19B4 /* ASCustomTableViewCell.xib */ = {
			isa = PBXVariantGroup;
			children = (
				4CB683F31C3FF5BD006E19B4 /* en */,
			);
			name = ASCustomTableViewCell.xib;
			sourceTree = "<group>";
		};
		4CB683F41C3FF5BD006E19B4 /* ASDetailViewController_iPhone.xib */ = {
			isa = PBXVariantGroup;
			children = (
				4CB683F51C3FF5BD006E19B4 /* en */,
			);
			name = ASDetailViewController_iPhone.xib;
			sourceTree = "<group>";
		};
		4CB683F61C3FF5BD006E19B4 /* ASMasterViewController_iPhone.xib */ = {
			isa = PBXVariantGroup;
			children = (
				4CB683F71C3FF5BD006E19B4 /* en */,
			);
			name = ASMasterViewController_iPhone.xib;
			sourceTree = "<group>";
		};
		4CB683F81C3FF5BD006E19B4 /* InfoPlist.strings */ = {
			isa = PBXVariantGroup;
			children = (
				4CB683F91C3FF5BD006E19B4 /* en */,
			);
			name = InfoPlist.strings;
			sourceTree = "<group>";
		};
/* End PBXVariantGroup section */

/* Begin XCBuildConfiguration section */
		4C968B271C3FF0A9000C5474 /* Debug */ = {
			isa = XCBuildConfiguration;
			buildSettings = {
				ALWAYS_SEARCH_USER_PATHS = NO;
				CLANG_CXX_LANGUAGE_STANDARD = "gnu++0x";
				CLANG_CXX_LIBRARY = "libc++";
				CLANG_ENABLE_MODULES = YES;
				CLANG_ENABLE_OBJC_ARC = YES;
				CLANG_WARN_BOOL_CONVERSION = YES;
				CLANG_WARN_CONSTANT_CONVERSION = YES;
				CLANG_WARN_DIRECT_OBJC_ISA_USAGE = YES_ERROR;
				CLANG_WARN_EMPTY_BODY = YES;
				CLANG_WARN_ENUM_CONVERSION = YES;
				CLANG_WARN_INFINITE_RECURSION = YES;
				CLANG_WARN_INT_CONVERSION = YES;
				CLANG_WARN_OBJC_ROOT_CLASS = YES_ERROR;
				CLANG_WARN_SUSPICIOUS_MOVE = YES;
				CLANG_WARN_UNREACHABLE_CODE = YES;
				CLANG_WARN__DUPLICATE_METHOD_MATCH = YES;
				"CODE_SIGN_IDENTITY[sdk=iphoneos*]" = "iPhone Developer";
				COPY_PHASE_STRIP = NO;
				DEBUG_INFORMATION_FORMAT = dwarf;
				ENABLE_STRICT_OBJC_MSGSEND = YES;
				ENABLE_TESTABILITY = YES;
				GCC_C_LANGUAGE_STANDARD = gnu99;
				GCC_DYNAMIC_NO_PIC = NO;
				GCC_NO_COMMON_BLOCKS = YES;
				GCC_OPTIMIZATION_LEVEL = 0;
				GCC_PREPROCESSOR_DEFINITIONS = (
					"DEBUG=1",
					"$(inherited)",
				);
				GCC_WARN_64_TO_32_BIT_CONVERSION = YES;
				GCC_WARN_ABOUT_RETURN_TYPE = YES_ERROR;
				GCC_WARN_UNDECLARED_SELECTOR = YES;
				GCC_WARN_UNINITIALIZED_AUTOS = YES_AGGRESSIVE;
				GCC_WARN_UNUSED_FUNCTION = YES;
				GCC_WARN_UNUSED_VARIABLE = YES;
				IPHONEOS_DEPLOYMENT_TARGET = 9.2;
				MTL_ENABLE_DEBUG_INFO = YES;
				ONLY_ACTIVE_ARCH = YES;
				SDKROOT = iphoneos;
				SWIFT_OPTIMIZATION_LEVEL = "-Onone";
				TARGETED_DEVICE_FAMILY = "1,2";
			};
			name = Debug;
		};
		4C968B281C3FF0A9000C5474 /* Release */ = {
			isa = XCBuildConfiguration;
			buildSettings = {
				ALWAYS_SEARCH_USER_PATHS = NO;
				CLANG_CXX_LANGUAGE_STANDARD = "gnu++0x";
				CLANG_CXX_LIBRARY = "libc++";
				CLANG_ENABLE_MODULES = YES;
				CLANG_ENABLE_OBJC_ARC = YES;
				CLANG_WARN_BOOL_CONVERSION = YES;
				CLANG_WARN_CONSTANT_CONVERSION = YES;
				CLANG_WARN_DIRECT_OBJC_ISA_USAGE = YES_ERROR;
				CLANG_WARN_EMPTY_BODY = YES;
				CLANG_WARN_ENUM_CONVERSION = YES;
				CLANG_WARN_INFINITE_RECURSION = YES;
				CLANG_WARN_INT_CONVERSION = YES;
				CLANG_WARN_OBJC_ROOT_CLASS = YES_ERROR;
				CLANG_WARN_SUSPICIOUS_MOVE = YES;
				CLANG_WARN_UNREACHABLE_CODE = YES;
				CLANG_WARN__DUPLICATE_METHOD_MATCH = YES;
				"CODE_SIGN_IDENTITY[sdk=iphoneos*]" = "iPhone Developer";
				COPY_PHASE_STRIP = NO;
				DEBUG_INFORMATION_FORMAT = "dwarf-with-dsym";
				ENABLE_NS_ASSERTIONS = NO;
				ENABLE_STRICT_OBJC_MSGSEND = YES;
				GCC_C_LANGUAGE_STANDARD = gnu99;
				GCC_NO_COMMON_BLOCKS = YES;
				GCC_WARN_64_TO_32_BIT_CONVERSION = YES;
				GCC_WARN_ABOUT_RETURN_TYPE = YES_ERROR;
				GCC_WARN_UNDECLARED_SELECTOR = YES;
				GCC_WARN_UNINITIALIZED_AUTOS = YES_AGGRESSIVE;
				GCC_WARN_UNUSED_FUNCTION = YES;
				GCC_WARN_UNUSED_VARIABLE = YES;
				IPHONEOS_DEPLOYMENT_TARGET = 9.2;
				MTL_ENABLE_DEBUG_INFO = NO;
				SDKROOT = iphoneos;
				TARGETED_DEVICE_FAMILY = "1,2";
				VALIDATE_PRODUCT = YES;
			};
			name = Release;
		};
		4C968B2A1C3FF0A9000C5474 /* Debug */ = {
			isa = XCBuildConfiguration;
			buildSettings = {
				ASSETCATALOG_COMPILER_APPICON_NAME = AppIcon;
				DEBUG_INFORMATION_FORMAT = "dwarf-with-dsym";
				DEVELOPMENT_TEAM = MEMFPKSRYU;
				FRAMEWORK_SEARCH_PATHS = (
					"$(inherited)",
					"$(PROJECT_DIR)",
				);
				INFOPLIST_FILE = AudioStream/Info.plist;
				IPHONEOS_DEPLOYMENT_TARGET = 8.0;
				LD_RUNPATH_SEARCH_PATHS = "$(inherited) @executable_path/Frameworks";
				PRODUCT_BUNDLE_IDENTIFIER = self.AudioStream;
				PRODUCT_NAME = "$(TARGET_NAME)";
				SWIFT_OBJC_BRIDGING_HEADER = "$(PROJECT)/AudioStream-Bridging-Header.h";
				SWIFT_VERSION = 3.0;
			};
			name = Debug;
		};
		4C968B2B1C3FF0A9000C5474 /* Release */ = {
			isa = XCBuildConfiguration;
			buildSettings = {
				ASSETCATALOG_COMPILER_APPICON_NAME = AppIcon;
				DEBUG_INFORMATION_FORMAT = "dwarf-with-dsym";
				DEVELOPMENT_TEAM = MEMFPKSRYU;
				FRAMEWORK_SEARCH_PATHS = (
					"$(inherited)",
					"$(PROJECT_DIR)",
				);
				INFOPLIST_FILE = AudioStream/Info.plist;
				IPHONEOS_DEPLOYMENT_TARGET = 8.0;
				LD_RUNPATH_SEARCH_PATHS = "$(inherited) @executable_path/Frameworks";
				PRODUCT_BUNDLE_IDENTIFIER = self.AudioStream;
				PRODUCT_NAME = "$(TARGET_NAME)";
				SWIFT_OBJC_BRIDGING_HEADER = "$(PROJECT)/AudioStream-Bridging-Header.h";
				SWIFT_OPTIMIZATION_LEVEL = "-Owholemodule";
				SWIFT_VERSION = 3.0;
			};
			name = Release;
		};
		4C968B2D1C3FF0A9000C5474 /* Debug */ = {
			isa = XCBuildConfiguration;
			buildSettings = {
				BUNDLE_LOADER = "$(TEST_HOST)";
				INFOPLIST_FILE = AudioStreamTests/Info.plist;
				LD_RUNPATH_SEARCH_PATHS = "$(inherited) @executable_path/Frameworks @loader_path/Frameworks";
				PRODUCT_BUNDLE_IDENTIFIER = self.AudioStreamTests;
				PRODUCT_NAME = "$(TARGET_NAME)";
				SWIFT_VERSION = 3.0;
				TEST_HOST = "$(BUILT_PRODUCTS_DIR)/AudioStream.app/AudioStream";
			};
			name = Debug;
		};
		4C968B2E1C3FF0A9000C5474 /* Release */ = {
			isa = XCBuildConfiguration;
			buildSettings = {
				BUNDLE_LOADER = "$(TEST_HOST)";
				INFOPLIST_FILE = AudioStreamTests/Info.plist;
				LD_RUNPATH_SEARCH_PATHS = "$(inherited) @executable_path/Frameworks @loader_path/Frameworks";
				PRODUCT_BUNDLE_IDENTIFIER = self.AudioStreamTests;
				PRODUCT_NAME = "$(TARGET_NAME)";
				SWIFT_OPTIMIZATION_LEVEL = "-Owholemodule";
				SWIFT_VERSION = 3.0;
				TEST_HOST = "$(BUILT_PRODUCTS_DIR)/AudioStream.app/AudioStream";
			};
			name = Release;
		};
		4C968B301C3FF0A9000C5474 /* Debug */ = {
			isa = XCBuildConfiguration;
			buildSettings = {
				INFOPLIST_FILE = AudioStreamUITests/Info.plist;
				LD_RUNPATH_SEARCH_PATHS = "$(inherited) @executable_path/Frameworks @loader_path/Frameworks";
				PRODUCT_BUNDLE_IDENTIFIER = self.AudioStreamUITests;
				PRODUCT_NAME = "$(TARGET_NAME)";
				SWIFT_VERSION = 3.0;
				TEST_TARGET_NAME = AudioStream;
				USES_XCTRUNNER = YES;
			};
			name = Debug;
		};
		4C968B311C3FF0A9000C5474 /* Release */ = {
			isa = XCBuildConfiguration;
			buildSettings = {
				INFOPLIST_FILE = AudioStreamUITests/Info.plist;
				LD_RUNPATH_SEARCH_PATHS = "$(inherited) @executable_path/Frameworks @loader_path/Frameworks";
				PRODUCT_BUNDLE_IDENTIFIER = self.AudioStreamUITests;
				PRODUCT_NAME = "$(TARGET_NAME)";
				SWIFT_OPTIMIZATION_LEVEL = "-Owholemodule";
				SWIFT_VERSION = 3.0;
				TEST_TARGET_NAME = AudioStream;
				USES_XCTRUNNER = YES;
			};
			name = Release;
		};
/* End XCBuildConfiguration section */

/* Begin XCConfigurationList section */
		4C968AF91C3FF0A8000C5474 /* Build configuration list for PBXProject "AudioStream" */ = {
			isa = XCConfigurationList;
			buildConfigurations = (
				4C968B271C3FF0A9000C5474 /* Debug */,
				4C968B281C3FF0A9000C5474 /* Release */,
			);
			defaultConfigurationIsVisible = 0;
			defaultConfigurationName = Release;
		};
		4C968B291C3FF0A9000C5474 /* Build configuration list for PBXNativeTarget "AudioStream" */ = {
			isa = XCConfigurationList;
			buildConfigurations = (
				4C968B2A1C3FF0A9000C5474 /* Debug */,
				4C968B2B1C3FF0A9000C5474 /* Release */,
			);
			defaultConfigurationIsVisible = 0;
			defaultConfigurationName = Release;
		};
		4C968B2C1C3FF0A9000C5474 /* Build configuration list for PBXNativeTarget "AudioStreamTests" */ = {
			isa = XCConfigurationList;
			buildConfigurations = (
				4C968B2D1C3FF0A9000C5474 /* Debug */,
				4C968B2E1C3FF0A9000C5474 /* Release */,
			);
			defaultConfigurationIsVisible = 0;
			defaultConfigurationName = Release;
		};
		4C968B2F1C3FF0A9000C5474 /* Build configuration list for PBXNativeTarget "AudioStreamUITests" */ = {
			isa = XCConfigurationList;
			buildConfigurations = (
				4C968B301C3FF0A9000C5474 /* Debug */,
				4C968B311C3FF0A9000C5474 /* Release */,
			);
			defaultConfigurationIsVisible = 0;
			defaultConfigurationName = Release;
		};
/* End XCConfigurationList section */

/* Begin XCVersionGroup section */
		4C968B081C3FF0A8000C5474 /* AudioStream.xcdatamodeld */ = {
			isa = XCVersionGroup;
			children = (
				4C968B091C3FF0A8000C5474 /* AudioStream.xcdatamodel */,
			);
			currentVersion = 4C968B091C3FF0A8000C5474 /* AudioStream.xcdatamodel */;
			path = AudioStream.xcdatamodeld;
			sourceTree = "<group>";
			versionGroupType = wrapper.xcdatamodel;
		};
/* End XCVersionGroup section */
	};
	rootObject = 4C968AF61C3FF0A8000C5474 /* Project object */;
}
