// !$*UTF8*$!
{
	archiveVersion = 1;
	classes = {
	};
	objectVersion = 46;
	objects = {

/* Begin PBXBuildFile section */
		BF17D7C11C2D693B00E081AE /* AppDelegate.swift in Sources */ = {isa = PBXBuildFile; fileRef = BF17D7C01C2D693B00E081AE /* AppDelegate.swift */; };
		BF17D7C31C2D693B00E081AE /* ViewController.swift in Sources */ = {isa = PBXBuildFile; fileRef = BF17D7C21C2D693B00E081AE /* ViewController.swift */; };
		BF17D7C51C2D693B00E081AE /* Assets.xcassets in Resources */ = {isa = PBXBuildFile; fileRef = BF17D7C41C2D693B00E081AE /* Assets.xcassets */; };
		BF17D7C81C2D693C00E081AE /* Main.storyboard in Resources */ = {isa = PBXBuildFile; fileRef = BF17D7C61C2D693C00E081AE /* Main.storyboard */; };
		BFAFE4F41C2D750E00A13C76 /* AudioPart.c in Sources */ = {isa = PBXBuildFile; fileRef = BFAFE4F01C2D750E00A13C76 /* AudioPart.c */; };
		BFAFE4F51C2D750E00A13C76 /* AudioStreamEngine.m in Sources */ = {isa = PBXBuildFile; fileRef = BFAFE4F31C2D750E00A13C76 /* AudioStreamEngine.m */; };
/* End PBXBuildFile section */

/* Begin PBXFileReference section */
		BF17D7BD1C2D693B00E081AE /* MacAudioStream.app */ = {isa = PBXFileReference; explicitFileType = wrapper.application; includeInIndex = 0; path = MacAudioStream.app; sourceTree = BUILT_PRODUCTS_DIR; };
		BF17D7C01C2D693B00E081AE /* AppDelegate.swift */ = {isa = PBXFileReference; lastKnownFileType = sourcecode.swift; path = AppDelegate.swift; sourceTree = "<group>"; };
		BF17D7C21C2D693B00E081AE /* ViewController.swift */ = {isa = PBXFileReference; lastKnownFileType = sourcecode.swift; path = ViewController.swift; sourceTree = "<group>"; };
		BF17D7C41C2D693B00E081AE /* Assets.xcassets */ = {isa = PBXFileReference; lastKnownFileType = folder.assetcatalog; path = Assets.xcassets; sourceTree = "<group>"; };
		BF17D7C71C2D693C00E081AE /* Base */ = {isa = PBXFileReference; lastKnownFileType = file.storyboard; name = Base; path = Base.lproj/Main.storyboard; sourceTree = "<group>"; };
		BF17D7C91C2D693C00E081AE /* Info.plist */ = {isa = PBXFileReference; lastKnownFileType = text.plist.xml; path = Info.plist; sourceTree = "<group>"; };
		BFAFE4F01C2D750E00A13C76 /* AudioPart.c */ = {isa = PBXFileReference; fileEncoding = 4; lastKnownFileType = sourcecode.c.c; path = AudioPart.c; sourceTree = "<group>"; };
		BFAFE4F11C2D750E00A13C76 /* AudioPart.h */ = {isa = PBXFileReference; fileEncoding = 4; lastKnownFileType = sourcecode.c.h; path = AudioPart.h; sourceTree = "<group>"; };
		BFAFE4F21C2D750E00A13C76 /* AudioStreamEngine.h */ = {isa = PBXFileReference; fileEncoding = 4; lastKnownFileType = sourcecode.c.h; path = AudioStreamEngine.h; sourceTree = "<group>"; };
		BFAFE4F31C2D750E00A13C76 /* AudioStreamEngine.m */ = {isa = PBXFileReference; fileEncoding = 4; lastKnownFileType = sourcecode.c.objc; path = AudioStreamEngine.m; sourceTree = "<group>"; };
		BFAFE4F61C2D782600A13C76 /* MacAudioStream-Bridging-Header.h */ = {isa = PBXFileReference; lastKnownFileType = sourcecode.c.h; name = "MacAudioStream-Bridging-Header.h"; path = "MacAudioStream/MacAudioStream-Bridging-Header.h"; sourceTree = "<group>"; };
/* End PBXFileReference section */

/* Begin PBXFrameworksBuildPhase section */
		BF17D7BA1C2D693B00E081AE /* Frameworks */ = {
			isa = PBXFrameworksBuildPhase;
			buildActionMask = 2147483647;
			files = (
			);
			runOnlyForDeploymentPostprocessing = 0;
		};
/* End PBXFrameworksBuildPhase section */

/* Begin PBXGroup section */
		BF17D7B41C2D693B00E081AE = {
			isa = PBXGroup;
			children = (
				BFAFE4EF1C2D750E00A13C76 /* AudioStreamEngine */,
				BF17D7BF1C2D693B00E081AE /* MacAudioStream */,
				BFAFE4F61C2D782600A13C76 /* MacAudioStream-Bridging-Header.h */,
				BF17D7BE1C2D693B00E081AE /* Products */,
			);
			sourceTree = "<group>";
		};
		BF17D7BE1C2D693B00E081AE /* Products */ = {
			isa = PBXGroup;
			children = (
				BF17D7BD1C2D693B00E081AE /* MacAudioStream.app */,
			);
			name = Products;
			sourceTree = "<group>";
		};
		BF17D7BF1C2D693B00E081AE /* MacAudioStream */ = {
			isa = PBXGroup;
			children = (
				BF17D7C01C2D693B00E081AE /* AppDelegate.swift */,
				BF17D7C21C2D693B00E081AE /* ViewController.swift */,
				BF17D7C41C2D693B00E081AE /* Assets.xcassets */,
				BF17D7C61C2D693C00E081AE /* Main.storyboard */,
				BF17D7C91C2D693C00E081AE /* Info.plist */,
			);
			path = MacAudioStream;
			sourceTree = "<group>";
		};
		BFAFE4EF1C2D750E00A13C76 /* AudioStreamEngine */ = {
			isa = PBXGroup;
			children = (
				BFAFE4F01C2D750E00A13C76 /* AudioPart.c */,
				BFAFE4F11C2D750E00A13C76 /* AudioPart.h */,
				BFAFE4F21C2D750E00A13C76 /* AudioStreamEngine.h */,
				BFAFE4F31C2D750E00A13C76 /* AudioStreamEngine.m */,
			);
			name = AudioStreamEngine;
			path = ../AudioStreamEngine;
			sourceTree = "<group>";
		};
/* End PBXGroup section */

/* Begin PBXNativeTarget section */
		BF17D7BC1C2D693B00E081AE /* MacAudioStream */ = {
			isa = PBXNativeTarget;
			buildConfigurationList = BF17D7CC1C2D693C00E081AE /* Build configuration list for PBXNativeTarget "MacAudioStream" */;
			buildPhases = (
				BF17D7B91C2D693B00E081AE /* Sources */,
				BF17D7BA1C2D693B00E081AE /* Frameworks */,
				BF17D7BB1C2D693B00E081AE /* Resources */,
			);
			buildRules = (
			);
			dependencies = (
			);
			name = MacAudioStream;
			productName = MacAudioStream;
			productReference = BF17D7BD1C2D693B00E081AE /* MacAudioStream.app */;
			productType = "com.apple.product-type.application";
		};
/* End PBXNativeTarget section */

/* Begin PBXProject section */
		BF17D7B51C2D693B00E081AE /* Project object */ = {
			isa = PBXProject;
			attributes = {
				LastSwiftUpdateCheck = 0720;
				LastUpgradeCheck = 0720;
				ORGANIZATIONNAME = "Michael Kolesov";
				TargetAttributes = {
					BF17D7BC1C2D693B00E081AE = {
						CreatedOnToolsVersion = 7.2;
					};
				};
			};
			buildConfigurationList = BF17D7B81C2D693B00E081AE /* Build configuration list for PBXProject "MacAudioStream" */;
			compatibilityVersion = "Xcode 3.2";
			developmentRegion = English;
			hasScannedForEncodings = 0;
			knownRegions = (
				en,
				Base,
			);
			mainGroup = BF17D7B41C2D693B00E081AE;
			productRefGroup = BF17D7BE1C2D693B00E081AE /* Products */;
			projectDirPath = "";
			projectRoot = "";
			targets = (
				BF17D7BC1C2D693B00E081AE /* MacAudioStream */,
			);
		};
/* End PBXProject section */

/* Begin PBXResourcesBuildPhase section */
		BF17D7BB1C2D693B00E081AE /* Resources */ = {
			isa = PBXResourcesBuildPhase;
			buildActionMask = 2147483647;
			files = (
				BF17D7C51C2D693B00E081AE /* Assets.xcassets in Resources */,
				BF17D7C81C2D693C00E081AE /* Main.storyboard in Resources */,
			);
			runOnlyForDeploymentPostprocessing = 0;
		};
/* End PBXResourcesBuildPhase section */

/* Begin PBXSourcesBuildPhase section */
		BF17D7B91C2D693B00E081AE /* Sources */ = {
			isa = PBXSourcesBuildPhase;
			buildActionMask = 2147483647;
			files = (
				BFAFE4F41C2D750E00A13C76 /* AudioPart.c in Sources */,
				BF17D7C31C2D693B00E081AE /* ViewController.swift in Sources */,
				BFAFE4F51C2D750E00A13C76 /* AudioStreamEngine.m in Sources */,
				BF17D7C11C2D693B00E081AE /* AppDelegate.swift in Sources */,
			);
			runOnlyForDeploymentPostprocessing = 0;
		};
/* End PBXSourcesBuildPhase section */

/* Begin PBXVariantGroup section */
		BF17D7C61C2D693C00E081AE /* Main.storyboard */ = {
			isa = PBXVariantGroup;
			children = (
				BF17D7C71C2D693C00E081AE /* Base */,
			);
			name = Main.storyboard;
			sourceTree = "<group>";
		};
/* End PBXVariantGroup section */

/* Begin XCBuildConfiguration section */
		BF17D7CA1C2D693C00E081AE /* Debug */ = {
			isa = XCBuildConfiguration;
			buildSettings = {
				ALWAYS_SEARCH_USER_PATHS = NO;
				CLANG_CXX_LANGUAGE_STANDARD = "gnu++0x";
				CLANG_CXX_LIBRARY = "libc++";
				CLANG_ENABLE_MODULES = YES;
				CLANG_ENABLE_OBJC_ARC = YES;
				CLANG_WARN_BOOL_CONVERSION = YES;
				CLANG_WARN_CONSTANT_CONVERSION = YES;
				CLANG_WARN_DIRECT_OBJC_ISA_USAGE = YES_ERROR;
				CLANG_WARN_EMPTY_BODY = YES;
				CLANG_WARN_ENUM_CONVERSION = YES;
				CLANG_WARN_INT_CONVERSION = YES;
				CLANG_WARN_OBJC_ROOT_CLASS = YES_ERROR;
				CLANG_WARN_UNREACHABLE_CODE = YES;
				CLANG_WARN__DUPLICATE_METHOD_MATCH = YES;
				CODE_SIGN_IDENTITY = "-";
				COPY_PHASE_STRIP = NO;
				DEBUG_INFORMATION_FORMAT = dwarf;
				ENABLE_STRICT_OBJC_MSGSEND = YES;
				ENABLE_TESTABILITY = YES;
				GCC_C_LANGUAGE_STANDARD = gnu99;
				GCC_DYNAMIC_NO_PIC = NO;
				GCC_NO_COMMON_BLOCKS = YES;
				GCC_OPTIMIZATION_LEVEL = 0;
				GCC_PREPROCESSOR_DEFINITIONS = (
					"DEBUG=1",
					"$(inherited)",
				);
				GCC_WARN_64_TO_32_BIT_CONVERSION = YES;
				GCC_WARN_ABOUT_RETURN_TYPE = YES_ERROR;
				GCC_WARN_UNDECLARED_SELECTOR = YES;
				GCC_WARN_UNINITIALIZED_AUTOS = YES_AGGRESSIVE;
				GCC_WARN_UNUSED_FUNCTION = YES;
				GCC_WARN_UNUSED_VARIABLE = YES;
				MACOSX_DEPLOYMENT_TARGET = 10.11;
				MTL_ENABLE_DEBUG_INFO = YES;
				ONLY_ACTIVE_ARCH = YES;
				SDKROOT = macosx;
				SWIFT_OPTIMIZATION_LEVEL = "-Onone";
			};
			name = Debug;
		};
		BF17D7CB1C2D693C00E081AE /* Release */ = {
			isa = XCBuildConfiguration;
			buildSettings = {
				ALWAYS_SEARCH_USER_PATHS = NO;
				CLANG_CXX_LANGUAGE_STANDARD = "gnu++0x";
				CLANG_CXX_LIBRARY = "libc++";
				CLANG_ENABLE_MODULES = YES;
				CLANG_ENABLE_OBJC_ARC = YES;
				CLANG_WARN_BOOL_CONVERSION = YES;
				CLANG_WARN_CONSTANT_CONVERSION = YES;
				CLANG_WARN_DIRECT_OBJC_ISA_USAGE = YES_ERROR;
				CLANG_WARN_EMPTY_BODY = YES;
				CLANG_WARN_ENUM_CONVERSION = YES;
				CLANG_WARN_INT_CONVERSION = YES;
				CLANG_WARN_OBJC_ROOT_CLASS = YES_ERROR;
				CLANG_WARN_UNREACHABLE_CODE = YES;
				CLANG_WARN__DUPLICATE_METHOD_MATCH = YES;
				CODE_SIGN_IDENTITY = "-";
				COPY_PHASE_STRIP = NO;
				DEBUG_INFORMATION_FORMAT = "dwarf-with-dsym";
				ENABLE_NS_ASSERTIONS = NO;
				ENABLE_STRICT_OBJC_MSGSEND = YES;
				GCC_C_LANGUAGE_STANDARD = gnu99;
				GCC_NO_COMMON_BLOCKS = YES;
				GCC_WARN_64_TO_32_BIT_CONVERSION = YES;
				GCC_WARN_ABOUT_RETURN_TYPE = YES_ERROR;
				GCC_WARN_UNDECLARED_SELECTOR = YES;
				GCC_WARN_UNINITIALIZED_AUTOS = YES_AGGRESSIVE;
				GCC_WARN_UNUSED_FUNCTION = YES;
				GCC_WARN_UNUSED_VARIABLE = YES;
				MACOSX_DEPLOYMENT_TARGET = 10.11;
				MTL_ENABLE_DEBUG_INFO = NO;
				SDKROOT = macosx;
			};
			name = Release;
		};
		BF17D7CD1C2D693C00E081AE /* Debug */ = {
			isa = XCBuildConfiguration;
			buildSettings = {
				ASSETCATALOG_COMPILER_APPICON_NAME = AppIcon;
				COMBINE_HIDPI_IMAGES = YES;
				INFOPLIST_FILE = MacAudioStream/Info.plist;
				LD_RUNPATH_SEARCH_PATHS = "$(inherited) @executable_path/../Frameworks";
				MACOSX_DEPLOYMENT_TARGET = 10.10;
				PRODUCT_BUNDLE_IDENTIFIER = michaelkolesov.MacAudioStream;
				PRODUCT_NAME = "$(TARGET_NAME)";
				SWIFT_OBJC_BRIDGING_HEADER = "${PROJECT}/MacAudioStream-Bridging-Header.h";
			};
			name = Debug;
		};
		BF17D7CE1C2D693C00E081AE /* Release */ = {
			isa = XCBuildConfiguration;
			buildSettings = {
				ASSETCATALOG_COMPILER_APPICON_NAME = AppIcon;
				COMBINE_HIDPI_IMAGES = YES;
				INFOPLIST_FILE = MacAudioStream/Info.plist;
				LD_RUNPATH_SEARCH_PATHS = "$(inherited) @executable_path/../Frameworks";
				MACOSX_DEPLOYMENT_TARGET = 10.10;
				PRODUCT_BUNDLE_IDENTIFIER = michaelkolesov.MacAudioStream;
				PRODUCT_NAME = "$(TARGET_NAME)";
				SWIFT_OBJC_BRIDGING_HEADER = "${PROJECT}/MacAudioStream-Bridging-Header.h";
			};
			name = Release;
		};
/* End XCBuildConfiguration section */

/* Begin XCConfigurationList section */
		BF17D7B81C2D693B00E081AE /* Build configuration list for PBXProject "MacAudioStream" */ = {
			isa = XCConfigurationList;
			buildConfigurations = (
				BF17D7CA1C2D693C00E081AE /* Debug */,
				BF17D7CB1C2D693C00E081AE /* Release */,
			);
			defaultConfigurationIsVisible = 0;
			defaultConfigurationName = Release;
		};
		BF17D7CC1C2D693C00E081AE /* Build configuration list for PBXNativeTarget "MacAudioStream" */ = {
			isa = XCConfigurationList;
			buildConfigurations = (
				BF17D7CD1C2D693C00E081AE /* Debug */,
				BF17D7CE1C2D693C00E081AE /* Release */,
			);
			defaultConfigurationIsVisible = 0;
			defaultConfigurationName = Release;
		};
/* End XCConfigurationList section */
	};
	rootObject = BF17D7B51C2D693B00E081AE /* Project object */;
}
